// !$*UTF8*$!
{
	archiveVersion = 1;
	classes = {
	};
	objectVersion = 50;
	objects = {

/* Begin PBXBuildFile section */
		4C953CC823A3BB0600F5B618 /* AppDelegate.swift in Sources */ = {isa = PBXBuildFile; fileRef = 4C953CC723A3BB0600F5B618 /* AppDelegate.swift */; };
		4C953CCA23A3BB0600F5B618 /* SceneDelegate.swift in Sources */ = {isa = PBXBuildFile; fileRef = 4C953CC923A3BB0600F5B618 /* SceneDelegate.swift */; };
		4C953CCC23A3BB0600F5B618 /* ViewController.swift in Sources */ = {isa = PBXBuildFile; fileRef = 4C953CCB23A3BB0600F5B618 /* ViewController.swift */; };
		4C953CCF23A3BB0600F5B618 /* Main.storyboard in Resources */ = {isa = PBXBuildFile; fileRef = 4C953CCD23A3BB0600F5B618 /* Main.storyboard */; };
		4C953CD223A3BB0600F5B618 /* FitnessApp.xcdatamodeld in Sources */ = {isa = PBXBuildFile; fileRef = 4C953CD023A3BB0600F5B618 /* FitnessApp.xcdatamodeld */; };
		4C953CD423A3BB0800F5B618 /* Assets.xcassets in Resources */ = {isa = PBXBuildFile; fileRef = 4C953CD323A3BB0800F5B618 /* Assets.xcassets */; };
		4C953CD723A3BB0800F5B618 /* LaunchScreen.storyboard in Resources */ = {isa = PBXBuildFile; fileRef = 4C953CD523A3BB0800F5B618 /* LaunchScreen.storyboard */; };
		4C953CE223A3BB0800F5B618 /* FitnessAppTests.swift in Sources */ = {isa = PBXBuildFile; fileRef = 4C953CE123A3BB0800F5B618 /* FitnessAppTests.swift */; };
		4C953CED23A3BB0800F5B618 /* FitnessAppUITests.swift in Sources */ = {isa = PBXBuildFile; fileRef = 4C953CEC23A3BB0800F5B618 /* FitnessAppUITests.swift */; };
/* End PBXBuildFile section */

/* Begin PBXContainerItemProxy section */
		4C953CDE23A3BB0800F5B618 /* PBXContainerItemProxy */ = {
			isa = PBXContainerItemProxy;
			containerPortal = 4C953CBC23A3BB0600F5B618 /* Project object */;
			proxyType = 1;
			remoteGlobalIDString = 4C953CC323A3BB0600F5B618;
			remoteInfo = FitnessApp;
		};
		4C953CE923A3BB0800F5B618 /* PBXContainerItemProxy */ = {
			isa = PBXContainerItemProxy;
			containerPortal = 4C953CBC23A3BB0600F5B618 /* Project object */;
			proxyType = 1;
			remoteGlobalIDString = 4C953CC323A3BB0600F5B618;
			remoteInfo = FitnessApp;
		};
/* End PBXContainerItemProxy section */

/* Begin PBXFileReference section */
		4C953CC423A3BB0600F5B618 /* FitnessApp.app */ = {isa = PBXFileReference; explicitFileType = wrapper.application; includeInIndex = 0; path = FitnessApp.app; sourceTree = BUILT_PRODUCTS_DIR; };
		4C953CC723A3BB0600F5B618 /* AppDelegate.swift */ = {isa = PBXFileReference; lastKnownFileType = sourcecode.swift; path = AppDelegate.swift; sourceTree = "<group>"; };
		4C953CC923A3BB0600F5B618 /* SceneDelegate.swift */ = {isa = PBXFileReference; lastKnownFileType = sourcecode.swift; path = SceneDelegate.swift; sourceTree = "<group>"; };
		4C953CCB23A3BB0600F5B618 /* ViewController.swift */ = {isa = PBXFileReference; lastKnownFileType = sourcecode.swift; path = ViewController.swift; sourceTree = "<group>"; };
		4C953CCE23A3BB0600F5B618 /* Base */ = {isa = PBXFileReference; lastKnownFileType = file.storyboard; name = Base; path = Base.lproj/Main.storyboard; sourceTree = "<group>"; };
		4C953CD123A3BB0600F5B618 /* FitnessApp.xcdatamodel */ = {isa = PBXFileReference; lastKnownFileType = wrapper.xcdatamodel; path = FitnessApp.xcdatamodel; sourceTree = "<group>"; };
		4C953CD323A3BB0800F5B618 /* Assets.xcassets */ = {isa = PBXFileReference; lastKnownFileType = folder.assetcatalog; path = Assets.xcassets; sourceTree = "<group>"; };
		4C953CD623A3BB0800F5B618 /* Base */ = {isa = PBXFileReference; lastKnownFileType = file.storyboard; name = Base; path = Base.lproj/LaunchScreen.storyboard; sourceTree = "<group>"; };
		4C953CD823A3BB0800F5B618 /* Info.plist */ = {isa = PBXFileReference; lastKnownFileType = text.plist.xml; path = Info.plist; sourceTree = "<group>"; };
		4C953CDD23A3BB0800F5B618 /* FitnessAppTests.xctest */ = {isa = PBXFileReference; explicitFileType = wrapper.cfbundle; includeInIndex = 0; path = FitnessAppTests.xctest; sourceTree = BUILT_PRODUCTS_DIR; };
		4C953CE123A3BB0800F5B618 /* FitnessAppTests.swift */ = {isa = PBXFileReference; lastKnownFileType = sourcecode.swift; path = FitnessAppTests.swift; sourceTree = "<group>"; };
		4C953CE323A3BB0800F5B618 /* Info.plist */ = {isa = PBXFileReference; lastKnownFileType = text.plist.xml; path = Info.plist; sourceTree = "<group>"; };
		4C953CE823A3BB0800F5B618 /* FitnessAppUITests.xctest */ = {isa = PBXFileReference; explicitFileType = wrapper.cfbundle; includeInIndex = 0; path = FitnessAppUITests.xctest; sourceTree = BUILT_PRODUCTS_DIR; };
		4C953CEC23A3BB0800F5B618 /* FitnessAppUITests.swift */ = {isa = PBXFileReference; lastKnownFileType = sourcecode.swift; path = FitnessAppUITests.swift; sourceTree = "<group>"; };
		4C953CEE23A3BB0800F5B618 /* Info.plist */ = {isa = PBXFileReference; lastKnownFileType = text.plist.xml; path = Info.plist; sourceTree = "<group>"; };
/* End PBXFileReference section */

/* Begin PBXFrameworksBuildPhase section */
		4C953CC123A3BB0600F5B618 /* Frameworks */ = {
			isa = PBXFrameworksBuildPhase;
			buildActionMask = 2147483647;
			files = (
			);
			runOnlyForDeploymentPostprocessing = 0;
		};
		4C953CDA23A3BB0800F5B618 /* Frameworks */ = {
			isa = PBXFrameworksBuildPhase;
			buildActionMask = 2147483647;
			files = (
			);
			runOnlyForDeploymentPostprocessing = 0;
		};
		4C953CE523A3BB0800F5B618 /* Frameworks */ = {
			isa = PBXFrameworksBuildPhase;
			buildActionMask = 2147483647;
			files = (
			);
			runOnlyForDeploymentPostprocessing = 0;
		};
/* End PBXFrameworksBuildPhase section */

/* Begin PBXGroup section */
		4C953CBB23A3BB0600F5B618 = {
			isa = PBXGroup;
			children = (
				4C953CC623A3BB0600F5B618 /* FitnessApp */,
				4C953CE023A3BB0800F5B618 /* FitnessAppTests */,
				4C953CEB23A3BB0800F5B618 /* FitnessAppUITests */,
				4C953CC523A3BB0600F5B618 /* Products */,
			);
			sourceTree = "<group>";
		};
		4C953CC523A3BB0600F5B618 /* Products */ = {
			isa = PBXGroup;
			children = (
				4C953CC423A3BB0600F5B618 /* FitnessApp.app */,
				4C953CDD23A3BB0800F5B618 /* FitnessAppTests.xctest */,
				4C953CE823A3BB0800F5B618 /* FitnessAppUITests.xctest */,
			);
			name = Products;
			sourceTree = "<group>";
		};
		4C953CC623A3BB0600F5B618 /* FitnessApp */ = {
			isa = PBXGroup;
			children = (
				4C953CC723A3BB0600F5B618 /* AppDelegate.swift */,
				4C953CC923A3BB0600F5B618 /* SceneDelegate.swift */,
				4C953CCB23A3BB0600F5B618 /* ViewController.swift */,
				4C953CCD23A3BB0600F5B618 /* Main.storyboard */,
				4C953CD323A3BB0800F5B618 /* Assets.xcassets */,
				4C953CD523A3BB0800F5B618 /* LaunchScreen.storyboard */,
				4C953CD823A3BB0800F5B618 /* Info.plist */,
				4C953CD023A3BB0600F5B618 /* FitnessApp.xcdatamodeld */,
			);
			path = FitnessApp;
			sourceTree = "<group>";
		};
		4C953CE023A3BB0800F5B618 /* FitnessAppTests */ = {
			isa = PBXGroup;
			children = (
				4C953CE123A3BB0800F5B618 /* FitnessAppTests.swift */,
				4C953CE323A3BB0800F5B618 /* Info.plist */,
			);
			path = FitnessAppTests;
			sourceTree = "<group>";
		};
		4C953CEB23A3BB0800F5B618 /* FitnessAppUITests */ = {
			isa = PBXGroup;
			children = (
				4C953CEC23A3BB0800F5B618 /* FitnessAppUITests.swift */,
				4C953CEE23A3BB0800F5B618 /* Info.plist */,
			);
			path = FitnessAppUITests;
			sourceTree = "<group>";
		};
/* End PBXGroup section */

/* Begin PBXNativeTarget section */
		4C953CC323A3BB0600F5B618 /* FitnessApp */ = {
			isa = PBXNativeTarget;
			buildConfigurationList = 4C953CF123A3BB0800F5B618 /* Build configuration list for PBXNativeTarget "FitnessApp" */;
			buildPhases = (
				4C953CC023A3BB0600F5B618 /* Sources */,
				4C953CC123A3BB0600F5B618 /* Frameworks */,
				4C953CC223A3BB0600F5B618 /* Resources */,
			);
			buildRules = (
			);
			dependencies = (
			);
			name = FitnessApp;
			productName = FitnessApp;
			productReference = 4C953CC423A3BB0600F5B618 /* FitnessApp.app */;
			productType = "com.apple.product-type.application";
		};
		4C953CDC23A3BB0800F5B618 /* FitnessAppTests */ = {
			isa = PBXNativeTarget;
			buildConfigurationList = 4C953CF423A3BB0800F5B618 /* Build configuration list for PBXNativeTarget "FitnessAppTests" */;
			buildPhases = (
				4C953CD923A3BB0800F5B618 /* Sources */,
				4C953CDA23A3BB0800F5B618 /* Frameworks */,
				4C953CDB23A3BB0800F5B618 /* Resources */,
			);
			buildRules = (
			);
			dependencies = (
				4C953CDF23A3BB0800F5B618 /* PBXTargetDependency */,
			);
			name = FitnessAppTests;
			productName = FitnessAppTests;
			productReference = 4C953CDD23A3BB0800F5B618 /* FitnessAppTests.xctest */;
			productType = "com.apple.product-type.bundle.unit-test";
		};
		4C953CE723A3BB0800F5B618 /* FitnessAppUITests */ = {
			isa = PBXNativeTarget;
			buildConfigurationList = 4C953CF723A3BB0800F5B618 /* Build configuration list for PBXNativeTarget "FitnessAppUITests" */;
			buildPhases = (
				4C953CE423A3BB0800F5B618 /* Sources */,
				4C953CE523A3BB0800F5B618 /* Frameworks */,
				4C953CE623A3BB0800F5B618 /* Resources */,
			);
			buildRules = (
			);
			dependencies = (
				4C953CEA23A3BB0800F5B618 /* PBXTargetDependency */,
			);
			name = FitnessAppUITests;
			productName = FitnessAppUITests;
			productReference = 4C953CE823A3BB0800F5B618 /* FitnessAppUITests.xctest */;
			productType = "com.apple.product-type.bundle.ui-testing";
		};
/* End PBXNativeTarget section */

/* Begin PBXProject section */
		4C953CBC23A3BB0600F5B618 /* Project object */ = {
			isa = PBXProject;
			attributes = {
				LastSwiftUpdateCheck = 1120;
				LastUpgradeCheck = 1120;
				ORGANIZATIONNAME = Mitko;
				TargetAttributes = {
					4C953CC323A3BB0600F5B618 = {
						CreatedOnToolsVersion = 11.2;
					};
					4C953CDC23A3BB0800F5B618 = {
						CreatedOnToolsVersion = 11.2;
						TestTargetID = 4C953CC323A3BB0600F5B618;
					};
					4C953CE723A3BB0800F5B618 = {
						CreatedOnToolsVersion = 11.2;
						TestTargetID = 4C953CC323A3BB0600F5B618;
					};
				};
			};
			buildConfigurationList = 4C953CBF23A3BB0600F5B618 /* Build configuration list for PBXProject "FitnessApp" */;
			compatibilityVersion = "Xcode 9.3";
			developmentRegion = en;
			hasScannedForEncodings = 0;
			knownRegions = (
				en,
				Base,
			);
			mainGroup = 4C953CBB23A3BB0600F5B618;
			productRefGroup = 4C953CC523A3BB0600F5B618 /* Products */;
			projectDirPath = "";
			projectRoot = "";
			targets = (
				4C953CC323A3BB0600F5B618 /* FitnessApp */,
				4C953CDC23A3BB0800F5B618 /* FitnessAppTests */,
				4C953CE723A3BB0800F5B618 /* FitnessAppUITests */,
			);
		};
/* End PBXProject section */

/* Begin PBXResourcesBuildPhase section */
		4C953CC223A3BB0600F5B618 /* Resources */ = {
			isa = PBXResourcesBuildPhase;
			buildActionMask = 2147483647;
			files = (
				4C953CD723A3BB0800F5B618 /* LaunchScreen.storyboard in Resources */,
				4C953CD423A3BB0800F5B618 /* Assets.xcassets in Resources */,
				4C953CCF23A3BB0600F5B618 /* Main.storyboard in Resources */,
			);
			runOnlyForDeploymentPostprocessing = 0;
		};
		4C953CDB23A3BB0800F5B618 /* Resources */ = {
			isa = PBXResourcesBuildPhase;
			buildActionMask = 2147483647;
			files = (
			);
			runOnlyForDeploymentPostprocessing = 0;
		};
		4C953CE623A3BB0800F5B618 /* Resources */ = {
			isa = PBXResourcesBuildPhase;
			buildActionMask = 2147483647;
			files = (
			);
			runOnlyForDeploymentPostprocessing = 0;
		};
/* End PBXResourcesBuildPhase section */

/* Begin PBXSourcesBuildPhase section */
		4C953CC023A3BB0600F5B618 /* Sources */ = {
			isa = PBXSourcesBuildPhase;
			buildActionMask = 2147483647;
			files = (
				4C953CD223A3BB0600F5B618 /* FitnessApp.xcdatamodeld in Sources */,
				4C953CCC23A3BB0600F5B618 /* ViewController.swift in Sources */,
				4C953CC823A3BB0600F5B618 /* AppDelegate.swift in Sources */,
				4C953CCA23A3BB0600F5B618 /* SceneDelegate.swift in Sources */,
			);
			runOnlyForDeploymentPostprocessing = 0;
		};
		4C953CD923A3BB0800F5B618 /* Sources */ = {
			isa = PBXSourcesBuildPhase;
			buildActionMask = 2147483647;
			files = (
				4C953CE223A3BB0800F5B618 /* FitnessAppTests.swift in Sources */,
			);
			runOnlyForDeploymentPostprocessing = 0;
		};
		4C953CE423A3BB0800F5B618 /* Sources */ = {
			isa = PBXSourcesBuildPhase;
			buildActionMask = 2147483647;
			files = (
				4C953CED23A3BB0800F5B618 /* FitnessAppUITests.swift in Sources */,
			);
			runOnlyForDeploymentPostprocessing = 0;
		};
/* End PBXSourcesBuildPhase section */

/* Begin PBXTargetDependency section */
		4C953CDF23A3BB0800F5B618 /* PBXTargetDependency */ = {
			isa = PBXTargetDependency;
			target = 4C953CC323A3BB0600F5B618 /* FitnessApp */;
			targetProxy = 4C953CDE23A3BB0800F5B618 /* PBXContainerItemProxy */;
		};
		4C953CEA23A3BB0800F5B618 /* PBXTargetDependency */ = {
			isa = PBXTargetDependency;
			target = 4C953CC323A3BB0600F5B618 /* FitnessApp */;
			targetProxy = 4C953CE923A3BB0800F5B618 /* PBXContainerItemProxy */;
		};
/* End PBXTargetDependency section */

/* Begin PBXVariantGroup section */
		4C953CCD23A3BB0600F5B618 /* Main.storyboard */ = {
			isa = PBXVariantGroup;
			children = (
				4C953CCE23A3BB0600F5B618 /* Base */,
			);
			name = Main.storyboard;
			sourceTree = "<group>";
		};
		4C953CD523A3BB0800F5B618 /* LaunchScreen.storyboard */ = {
			isa = PBXVariantGroup;
			children = (
				4C953CD623A3BB0800F5B618 /* Base */,
			);
			name = LaunchScreen.storyboard;
			sourceTree = "<group>";
		};
/* End PBXVariantGroup section */

/* Begin XCBuildConfiguration section */
		4C953CEF23A3BB0800F5B618 /* Debug */ = {
			isa = XCBuildConfiguration;
			buildSettings = {
				ALWAYS_SEARCH_USER_PATHS = NO;
				CLANG_ANALYZER_NONNULL = YES;
				CLANG_ANALYZER_NUMBER_OBJECT_CONVERSION = YES_AGGRESSIVE;
				CLANG_CXX_LANGUAGE_STANDARD = "gnu++14";
				CLANG_CXX_LIBRARY = "libc++";
				CLANG_ENABLE_MODULES = YES;
				CLANG_ENABLE_OBJC_ARC = YES;
				CLANG_ENABLE_OBJC_WEAK = YES;
				CLANG_WARN_BLOCK_CAPTURE_AUTORELEASING = YES;
				CLANG_WARN_BOOL_CONVERSION = YES;
				CLANG_WARN_COMMA = YES;
				CLANG_WARN_CONSTANT_CONVERSION = YES;
				CLANG_WARN_DEPRECATED_OBJC_IMPLEMENTATIONS = YES;
				CLANG_WARN_DIRECT_OBJC_ISA_USAGE = YES_ERROR;
				CLANG_WARN_DOCUMENTATION_COMMENTS = YES;
				CLANG_WARN_EMPTY_BODY = YES;
				CLANG_WARN_ENUM_CONVERSION = YES;
				CLANG_WARN_INFINITE_RECURSION = YES;
				CLANG_WARN_INT_CONVERSION = YES;
				CLANG_WARN_NON_LITERAL_NULL_CONVERSION = YES;
				CLANG_WARN_OBJC_IMPLICIT_RETAIN_SELF = YES;
				CLANG_WARN_OBJC_LITERAL_CONVERSION = YES;
				CLANG_WARN_OBJC_ROOT_CLASS = YES_ERROR;
				CLANG_WARN_RANGE_LOOP_ANALYSIS = YES;
				CLANG_WARN_STRICT_PROTOTYPES = YES;
				CLANG_WARN_SUSPICIOUS_MOVE = YES;
				CLANG_WARN_UNGUARDED_AVAILABILITY = YES_AGGRESSIVE;
				CLANG_WARN_UNREACHABLE_CODE = YES;
				CLANG_WARN__DUPLICATE_METHOD_MATCH = YES;
				COPY_PHASE_STRIP = NO;
				DEBUG_INFORMATION_FORMAT = dwarf;
				ENABLE_STRICT_OBJC_MSGSEND = YES;
				ENABLE_TESTABILITY = YES;
				GCC_C_LANGUAGE_STANDARD = gnu11;
				GCC_DYNAMIC_NO_PIC = NO;
				GCC_NO_COMMON_BLOCKS = YES;
				GCC_OPTIMIZATION_LEVEL = 0;
				GCC_PREPROCESSOR_DEFINITIONS = (
					"DEBUG=1",
					"$(inherited)",
				);
				GCC_WARN_64_TO_32_BIT_CONVERSION = YES;
				GCC_WARN_ABOUT_RETURN_TYPE = YES_ERROR;
				GCC_WARN_UNDECLARED_SELECTOR = YES;
				GCC_WARN_UNINITIALIZED_AUTOS = YES_AGGRESSIVE;
				GCC_WARN_UNUSED_FUNCTION = YES;
				GCC_WARN_UNUSED_VARIABLE = YES;
				IPHONEOS_DEPLOYMENT_TARGET = 13.2;
				MTL_ENABLE_DEBUG_INFO = INCLUDE_SOURCE;
				MTL_FAST_MATH = YES;
				ONLY_ACTIVE_ARCH = YES;
				SDKROOT = iphoneos;
				SWIFT_ACTIVE_COMPILATION_CONDITIONS = DEBUG;
				SWIFT_OPTIMIZATION_LEVEL = "-Onone";
			};
			name = Debug;
		};
		4C953CF023A3BB0800F5B618 /* Release */ = {
			isa = XCBuildConfiguration;
			buildSettings = {
				ALWAYS_SEARCH_USER_PATHS = NO;
				CLANG_ANALYZER_NONNULL = YES;
				CLANG_ANALYZER_NUMBER_OBJECT_CONVERSION = YES_AGGRESSIVE;
				CLANG_CXX_LANGUAGE_STANDARD = "gnu++14";
				CLANG_CXX_LIBRARY = "libc++";
				CLANG_ENABLE_MODULES = YES;
				CLANG_ENABLE_OBJC_ARC = YES;
				CLANG_ENABLE_OBJC_WEAK = YES;
				CLANG_WARN_BLOCK_CAPTURE_AUTORELEASING = YES;
				CLANG_WARN_BOOL_CONVERSION = YES;
				CLANG_WARN_COMMA = YES;
				CLANG_WARN_CONSTANT_CONVERSION = YES;
				CLANG_WARN_DEPRECATED_OBJC_IMPLEMENTATIONS = YES;
				CLANG_WARN_DIRECT_OBJC_ISA_USAGE = YES_ERROR;
				CLANG_WARN_DOCUMENTATION_COMMENTS = YES;
				CLANG_WARN_EMPTY_BODY = YES;
				CLANG_WARN_ENUM_CONVERSION = YES;
				CLANG_WARN_INFINITE_RECURSION = YES;
				CLANG_WARN_INT_CONVERSION = YES;
				CLANG_WARN_NON_LITERAL_NULL_CONVERSION = YES;
				CLANG_WARN_OBJC_IMPLICIT_RETAIN_SELF = YES;
				CLANG_WARN_OBJC_LITERAL_CONVERSION = YES;
				CLANG_WARN_OBJC_ROOT_CLASS = YES_ERROR;
				CLANG_WARN_RANGE_LOOP_ANALYSIS = YES;
				CLANG_WARN_STRICT_PROTOTYPES = YES;
				CLANG_WARN_SUSPICIOUS_MOVE = YES;
				CLANG_WARN_UNGUARDED_AVAILABILITY = YES_AGGRESSIVE;
				CLANG_WARN_UNREACHABLE_CODE = YES;
				CLANG_WARN__DUPLICATE_METHOD_MATCH = YES;
				COPY_PHASE_STRIP = NO;
				DEBUG_INFORMATION_FORMAT = "dwarf-with-dsym";
				ENABLE_NS_ASSERTIONS = NO;
				ENABLE_STRICT_OBJC_MSGSEND = YES;
				GCC_C_LANGUAGE_STANDARD = gnu11;
				GCC_NO_COMMON_BLOCKS = YES;
				GCC_WARN_64_TO_32_BIT_CONVERSION = YES;
				GCC_WARN_ABOUT_RETURN_TYPE = YES_ERROR;
				GCC_WARN_UNDECLARED_SELECTOR = YES;
				GCC_WARN_UNINITIALIZED_AUTOS = YES_AGGRESSIVE;
				GCC_WARN_UNUSED_FUNCTION = YES;
				GCC_WARN_UNUSED_VARIABLE = YES;
				IPHONEOS_DEPLOYMENT_TARGET = 13.2;
				MTL_ENABLE_DEBUG_INFO = NO;
				MTL_FAST_MATH = YES;
				SDKROOT = iphoneos;
				SWIFT_COMPILATION_MODE = wholemodule;
				SWIFT_OPTIMIZATION_LEVEL = "-O";
				VALIDATE_PRODUCT = YES;
			};
			name = Release;
		};
		4C953CF223A3BB0800F5B618 /* Debug */ = {
			isa = XCBuildConfiguration;
			buildSettings = {
				ASSETCATALOG_COMPILER_APPICON_NAME = AppIcon;
				CODE_SIGN_STYLE = Automatic;
				DEVELOPMENT_TEAM = QUXDV9RZJ7;
				INFOPLIST_FILE = FitnessApp/Info.plist;
				LD_RUNPATH_SEARCH_PATHS = (
					"$(inherited)",
					"@executable_path/Frameworks",
				);
				PRODUCT_BUNDLE_IDENTIFIER = com.mitko.FitnessApp;
				PRODUCT_NAME = "$(TARGET_NAME)";
				SWIFT_VERSION = 5.0;
				TARGETED_DEVICE_FAMILY = "1,2";
			};
			name = Debug;
		};
		4C953CF323A3BB0800F5B618 /* Release */ = {
			isa = XCBuildConfiguration;
			buildSettings = {
				ASSETCATALOG_COMPILER_APPICON_NAME = AppIcon;
				CODE_SIGN_STYLE = Automatic;
				DEVELOPMENT_TEAM = QUXDV9RZJ7;
				INFOPLIST_FILE = FitnessApp/Info.plist;
				LD_RUNPATH_SEARCH_PATHS = (
					"$(inherited)",
					"@executable_path/Frameworks",
				);
				PRODUCT_BUNDLE_IDENTIFIER = com.mitko.FitnessApp;
				PRODUCT_NAME = "$(TARGET_NAME)";
				SWIFT_VERSION = 5.0;
				TARGETED_DEVICE_FAMILY = "1,2";
			};
			name = Release;
		};
		4C953CF523A3BB0800F5B618 /* Debug */ = {
			isa = XCBuildConfiguration;
			buildSettings = {
				ALWAYS_EMBED_SWIFT_STANDARD_LIBRARIES = YES;
				BUNDLE_LOADER = "$(TEST_HOST)";
				CODE_SIGN_STYLE = Automatic;
				DEVELOPMENT_TEAM = QUXDV9RZJ7;
				INFOPLIST_FILE = FitnessAppTests/Info.plist;
				IPHONEOS_DEPLOYMENT_TARGET = 13.2;
				LD_RUNPATH_SEARCH_PATHS = (
					"$(inherited)",
					"@executable_path/Frameworks",
					"@loader_path/Frameworks",
				);
				PRODUCT_BUNDLE_IDENTIFIER = com.mitko.FitnessAppTests;
				PRODUCT_NAME = "$(TARGET_NAME)";
				SWIFT_VERSION = 5.0;
				TARGETED_DEVICE_FAMILY = "1,2";
				TEST_HOST = "$(BUILT_PRODUCTS_DIR)/FitnessApp.app/FitnessApp";
			};
			name = Debug;
		};
		4C953CF623A3BB0800F5B618 /* Release */ = {
			isa = XCBuildConfiguration;
			buildSettings = {
				ALWAYS_EMBED_SWIFT_STANDARD_LIBRARIES = YES;
				BUNDLE_LOADER = "$(TEST_HOST)";
				CODE_SIGN_STYLE = Automatic;
				DEVELOPMENT_TEAM = QUXDV9RZJ7;
				INFOPLIST_FILE = FitnessAppTests/Info.plist;
				IPHONEOS_DEPLOYMENT_TARGET = 13.2;
				LD_RUNPATH_SEARCH_PATHS = (
					"$(inherited)",
					"@executable_path/Frameworks",
					"@loader_path/Frameworks",
				);
				PRODUCT_BUNDLE_IDENTIFIER = com.mitko.FitnessAppTests;
				PRODUCT_NAME = "$(TARGET_NAME)";
				SWIFT_VERSION = 5.0;
				TARGETED_DEVICE_FAMILY = "1,2";
				TEST_HOST = "$(BUILT_PRODUCTS_DIR)/FitnessApp.app/FitnessApp";
			};
			name = Release;
		};
		4C953CF823A3BB0800F5B618 /* Debug */ = {
			isa = XCBuildConfiguration;
			buildSettings = {
				ALWAYS_EMBED_SWIFT_STANDARD_LIBRARIES = YES;
				CODE_SIGN_STYLE = Automatic;
				DEVELOPMENT_TEAM = QUXDV9RZJ7;
				INFOPLIST_FILE = FitnessAppUITests/Info.plist;
				LD_RUNPATH_SEARCH_PATHS = (
					"$(inherited)",
					"@executable_path/Frameworks",
					"@loader_path/Frameworks",
				);
				PRODUCT_BUNDLE_IDENTIFIER = com.mitko.FitnessAppUITests;
				PRODUCT_NAME = "$(TARGET_NAME)";
				SWIFT_VERSION = 5.0;
				TARGETED_DEVICE_FAMILY = "1,2";
				TEST_TARGET_NAME = FitnessApp;
			};
			name = Debug;
		};
		4C953CF923A3BB0800F5B618 /* Release */ = {
			isa = XCBuildConfiguration;
			buildSettings = {
				ALWAYS_EMBED_SWIFT_STANDARD_LIBRARIES = YES;
				CODE_SIGN_STYLE = Automatic;
				DEVELOPMENT_TEAM = QUXDV9RZJ7;
				INFOPLIST_FILE = FitnessAppUITests/Info.plist;
				LD_RUNPATH_SEARCH_PATHS = (
					"$(inherited)",
					"@executable_path/Frameworks",
					"@loader_path/Frameworks",
				);
				PRODUCT_BUNDLE_IDENTIFIER = com.mitko.FitnessAppUITests;
				PRODUCT_NAME = "$(TARGET_NAME)";
				SWIFT_VERSION = 5.0;
				TARGETED_DEVICE_FAMILY = "1,2";
				TEST_TARGET_NAME = FitnessApp;
			};
			name = Release;
		};
/* End XCBuildConfiguration section */

/* Begin XCConfigurationList section */
		4C953CBF23A3BB0600F5B618 /* Build configuration list for PBXProject "FitnessApp" */ = {
			isa = XCConfigurationList;
			buildConfigurations = (
				4C953CEF23A3BB0800F5B618 /* Debug */,
				4C953CF023A3BB0800F5B618 /* Release */,
			);
			defaultConfigurationIsVisible = 0;
			defaultConfigurationName = Release;
		};
		4C953CF123A3BB0800F5B618 /* Build configuration list for PBXNativeTarget "FitnessApp" */ = {
			isa = XCConfigurationList;
			buildConfigurations = (
				4C953CF223A3BB0800F5B618 /* Debug */,
				4C953CF323A3BB0800F5B618 /* Release */,
			);
			defaultConfigurationIsVisible = 0;
			defaultConfigurationName = Release;
		};
		4C953CF423A3BB0800F5B618 /* Build configuration list for PBXNativeTarget "FitnessAppTests" */ = {
			isa = XCConfigurationList;
			buildConfigurations = (
				4C953CF523A3BB0800F5B618 /* Debug */,
				4C953CF623A3BB0800F5B618 /* Release */,
			);
			defaultConfigurationIsVisible = 0;
			defaultConfigurationName = Release;
		};
		4C953CF723A3BB0800F5B618 /* Build configuration list for PBXNativeTarget "FitnessAppUITests" */ = {
			isa = XCConfigurationList;
			buildConfigurations = (
				4C953CF823A3BB0800F5B618 /* Debug */,
				4C953CF923A3BB0800F5B618 /* Release */,
			);
			defaultConfigurationIsVisible = 0;
			defaultConfigurationName = Release;
		};
/* End XCConfigurationList section */

/* Begin XCVersionGroup section */
		4C953CD023A3BB0600F5B618 /* FitnessApp.xcdatamodeld */ = {
			isa = XCVersionGroup;
			children = (
				4C953CD123A3BB0600F5B618 /* FitnessApp.xcdatamodel */,
			);
			currentVersion = 4C953CD123A3BB0600F5B618 /* FitnessApp.xcdatamodel */;
			path = FitnessApp.xcdatamodeld;
			sourceTree = "<group>";
			versionGroupType = wrapper.xcdatamodel;
		};
/* End XCVersionGroup section */
	};
	rootObject = 4C953CBC23A3BB0600F5B618 /* Project object */;
}
