// !$*UTF8*$!
{
	archiveVersion = 1;
	classes = {
	};
	objectVersion = 51;
	objects = {

/* Begin PBXBuildFile section */
		266320D618C84C6B424A02F5 /* Pods_FitnessApp.framework in Frameworks */ = {isa = PBXBuildFile; fileRef = C1179209AE56A41F7BB74A49 /* Pods_FitnessApp.framework */; };
		3A32E6C756D5692588F9AE2D /* Pods_FitnessAppTests.framework in Frameworks */ = {isa = PBXBuildFile; fileRef = 74DC574C0F19C3B0D99AD165 /* Pods_FitnessAppTests.framework */; };
		4863506BD238B53C97E15B58 /* Pods_FitnessApp_FitnessAppUITests.framework in Frameworks */ = {isa = PBXBuildFile; fileRef = 663AA3AA24C6E90B082919FB /* Pods_FitnessApp_FitnessAppUITests.framework */; };
		4C00EDAE23DAD6690075A3B2 /* ProfileTableViewController.swift in Sources */ = {isa = PBXBuildFile; fileRef = 4C00EDAD23DAD6690075A3B2 /* ProfileTableViewController.swift */; };
		4C00EDB023DAD66C0075A3B2 /* ProfileTableViewController.swift in Sources */ = {isa = PBXBuildFile; fileRef = 4C00EDAF23DAD66B0075A3B2 /* ProfileTableViewController.swift */; };
		4C00EDB423DB18150075A3B2 /* ChooseWorkoutViewController.swift in Sources */ = {isa = PBXBuildFile; fileRef = 4C00EDB323DB18150075A3B2 /* ChooseWorkoutViewController.swift */; };
		4C56472223D18A1F00222B36 /* CreateExerciseTableViewController.swift in Sources */ = {isa = PBXBuildFile; fileRef = 4C56472123D18A1F00222B36 /* CreateExerciseTableViewController.swift */; };
		4C65F5FF23AB998100782D66 /* CalendarViewController .swift in Sources */ = {isa = PBXBuildFile; fileRef = 4C65F5FE23AB998100782D66 /* CalendarViewController .swift */; };
		4C65F60523AE489700782D66 /* WorkoutModel.swift in Sources */ = {isa = PBXBuildFile; fileRef = 4C65F60423AE489700782D66 /* WorkoutModel.swift */; };
		4C79BBA923A3E41D00885375 /* LoginViewController.swift in Sources */ = {isa = PBXBuildFile; fileRef = 4C79BBA823A3E41D00885375 /* LoginViewController.swift */; };
		4C79BBAE23A3E45300885375 /* RegisterViewController.swift in Sources */ = {isa = PBXBuildFile; fileRef = 4C79BBAD23A3E45300885375 /* RegisterViewController.swift */; };
		4C79BBB023A3EB4400885375 /* FirstSetupPageViewController.swift in Sources */ = {isa = PBXBuildFile; fileRef = 4C79BBAF23A3EB4400885375 /* FirstSetupPageViewController.swift */; };
		4C79BBB223A3EC2700885375 /* GoogleService-Info.plist in Resources */ = {isa = PBXBuildFile; fileRef = 4C79BBB123A3EC2600885375 /* GoogleService-Info.plist */; };
		4C79BBB623A3F10900885375 /* IntroductionViewController.swift in Sources */ = {isa = PBXBuildFile; fileRef = 4C79BBB523A3F10900885375 /* IntroductionViewController.swift */; };
		4C79BBB823A3F11900885375 /* UserDetailsViewController.swift in Sources */ = {isa = PBXBuildFile; fileRef = 4C79BBB723A3F11900885375 /* UserDetailsViewController.swift */; };
		4C79EFB323CCE0B10038003D /* CalendarExerciseTableViewCell.swift in Sources */ = {isa = PBXBuildFile; fileRef = 4C79EFB223CCE0B10038003D /* CalendarExerciseTableViewCell.swift */; };
		4C953CC823A3BB0600F5B618 /* AppDelegate.swift in Sources */ = {isa = PBXBuildFile; fileRef = 4C953CC723A3BB0600F5B618 /* AppDelegate.swift */; };
		4C953CCA23A3BB0600F5B618 /* SceneDelegate.swift in Sources */ = {isa = PBXBuildFile; fileRef = 4C953CC923A3BB0600F5B618 /* SceneDelegate.swift */; };
		4C953CCF23A3BB0600F5B618 /* Main.storyboard in Resources */ = {isa = PBXBuildFile; fileRef = 4C953CCD23A3BB0600F5B618 /* Main.storyboard */; };
		4C953CD223A3BB0600F5B618 /* FitnessApp.xcdatamodeld in Sources */ = {isa = PBXBuildFile; fileRef = 4C953CD023A3BB0600F5B618 /* FitnessApp.xcdatamodeld */; };
		4C953CD423A3BB0800F5B618 /* Assets.xcassets in Resources */ = {isa = PBXBuildFile; fileRef = 4C953CD323A3BB0800F5B618 /* Assets.xcassets */; };
		4C953CD723A3BB0800F5B618 /* LaunchScreen.storyboard in Resources */ = {isa = PBXBuildFile; fileRef = 4C953CD523A3BB0800F5B618 /* LaunchScreen.storyboard */; };
		4C953CE223A3BB0800F5B618 /* FitnessAppTests.swift in Sources */ = {isa = PBXBuildFile; fileRef = 4C953CE123A3BB0800F5B618 /* FitnessAppTests.swift */; };
		4C953CED23A3BB0800F5B618 /* FitnessAppUITests.swift in Sources */ = {isa = PBXBuildFile; fileRef = 4C953CEC23A3BB0800F5B618 /* FitnessAppUITests.swift */; };
		4CA83C5923CEEFFA00E53AA3 /* WorkoutRoutineTableViewCell.swift in Sources */ = {isa = PBXBuildFile; fileRef = 4CA83C5823CEEFFA00E53AA3 /* WorkoutRoutineTableViewCell.swift */; };
		4CA83C5B23CF136000E53AA3 /* Constants.swift in Sources */ = {isa = PBXBuildFile; fileRef = 4CA83C5A23CF136000E53AA3 /* Constants.swift */; };
		4CC1F83523C71DB6002AB729 /* CreateWorkoutViewController.swift in Sources */ = {isa = PBXBuildFile; fileRef = 4CC1F83423C71DB6002AB729 /* CreateWorkoutViewController.swift */; };
		4CD3491E23C9A067005E0B69 /* YourWorkoutsViewController.swift in Sources */ = {isa = PBXBuildFile; fileRef = 4CD3491D23C9A067005E0B69 /* YourWorkoutsViewController.swift */; };
		4CE6DD5623CF462500AF7206 /* CustomWorkoutExercisesTableViewCell.swift in Sources */ = {isa = PBXBuildFile; fileRef = 4CE6DD5523CF462500AF7206 /* CustomWorkoutExercisesTableViewCell.swift */; };
		4CE6DD5A23CF4ADD00AF7206 /* CustomWorkoutPreviewViewController.swift in Sources */ = {isa = PBXBuildFile; fileRef = 4CE6DD5923CF4ADD00AF7206 /* CustomWorkoutPreviewViewController.swift */; };
/* End PBXBuildFile section */

/* Begin PBXContainerItemProxy section */
		4C953CDE23A3BB0800F5B618 /* PBXContainerItemProxy */ = {
			isa = PBXContainerItemProxy;
			containerPortal = 4C953CBC23A3BB0600F5B618 /* Project object */;
			proxyType = 1;
			remoteGlobalIDString = 4C953CC323A3BB0600F5B618;
			remoteInfo = FitnessApp;
		};
		4C953CE923A3BB0800F5B618 /* PBXContainerItemProxy */ = {
			isa = PBXContainerItemProxy;
			containerPortal = 4C953CBC23A3BB0600F5B618 /* Project object */;
			proxyType = 1;
			remoteGlobalIDString = 4C953CC323A3BB0600F5B618;
			remoteInfo = FitnessApp;
		};
/* End PBXContainerItemProxy section */

/* Begin PBXFileReference section */
		130DFF75CB6E51B030D13BCB /* Pods-FitnessApp-FitnessAppUITests.debug.xcconfig */ = {isa = PBXFileReference; includeInIndex = 1; lastKnownFileType = text.xcconfig; name = "Pods-FitnessApp-FitnessAppUITests.debug.xcconfig"; path = "Target Support Files/Pods-FitnessApp-FitnessAppUITests/Pods-FitnessApp-FitnessAppUITests.debug.xcconfig"; sourceTree = "<group>"; };
		4C00EDAD23DAD6690075A3B2 /* ProfileTableViewController.swift */ = {isa = PBXFileReference; lastKnownFileType = sourcecode.swift; name = ProfileTableViewController.swift; path = "/Users/mitkopenkov/Desktop/iOS Projects/FitnessApp/FitnessApp/Helpers/ProfileTableViewController.swift"; sourceTree = "<absolute>"; };
		4C00EDAF23DAD66B0075A3B2 /* ProfileTableViewController.swift */ = {isa = PBXFileReference; lastKnownFileType = sourcecode.swift; name = ProfileTableViewController.swift; path = "/Users/mitkopenkov/Desktop/iOS Projects/FitnessApp/FitnessApp/Helpers/ProfileTableViewController.swift"; sourceTree = "<absolute>"; };
		4C00EDB323DB18150075A3B2 /* ChooseWorkoutViewController.swift */ = {isa = PBXFileReference; lastKnownFileType = sourcecode.swift; path = ChooseWorkoutViewController.swift; sourceTree = "<group>"; };
		4C56472123D18A1F00222B36 /* CreateExerciseTableViewController.swift */ = {isa = PBXFileReference; lastKnownFileType = sourcecode.swift; name = CreateExerciseTableViewController.swift; path = ../../../CreateExerciseTableViewController.swift; sourceTree = "<group>"; };
		4C65F5FE23AB998100782D66 /* CalendarViewController .swift */ = {isa = PBXFileReference; lastKnownFileType = sourcecode.swift; path = "CalendarViewController .swift"; sourceTree = "<group>"; };
		4C65F60423AE489700782D66 /* WorkoutModel.swift */ = {isa = PBXFileReference; lastKnownFileType = sourcecode.swift; path = WorkoutModel.swift; sourceTree = "<group>"; };
		4C79BBA823A3E41D00885375 /* LoginViewController.swift */ = {isa = PBXFileReference; lastKnownFileType = sourcecode.swift; path = LoginViewController.swift; sourceTree = "<group>"; };
		4C79BBAD23A3E45300885375 /* RegisterViewController.swift */ = {isa = PBXFileReference; lastKnownFileType = sourcecode.swift; path = RegisterViewController.swift; sourceTree = "<group>"; };
		4C79BBAF23A3EB4400885375 /* FirstSetupPageViewController.swift */ = {isa = PBXFileReference; lastKnownFileType = sourcecode.swift; path = FirstSetupPageViewController.swift; sourceTree = "<group>"; };
		4C79BBB123A3EC2600885375 /* GoogleService-Info.plist */ = {isa = PBXFileReference; lastKnownFileType = text.plist; path = "GoogleService-Info.plist"; sourceTree = SOURCE_ROOT; };
		4C79BBB523A3F10900885375 /* IntroductionViewController.swift */ = {isa = PBXFileReference; lastKnownFileType = sourcecode.swift; path = IntroductionViewController.swift; sourceTree = "<group>"; };
		4C79BBB723A3F11900885375 /* UserDetailsViewController.swift */ = {isa = PBXFileReference; lastKnownFileType = sourcecode.swift; path = UserDetailsViewController.swift; sourceTree = "<group>"; };
		4C79EFB223CCE0B10038003D /* CalendarExerciseTableViewCell.swift */ = {isa = PBXFileReference; lastKnownFileType = sourcecode.swift; path = CalendarExerciseTableViewCell.swift; sourceTree = "<group>"; };
		4C953CC423A3BB0600F5B618 /* FitnessApp.app */ = {isa = PBXFileReference; explicitFileType = wrapper.application; includeInIndex = 0; path = FitnessApp.app; sourceTree = BUILT_PRODUCTS_DIR; };
		4C953CC723A3BB0600F5B618 /* AppDelegate.swift */ = {isa = PBXFileReference; lastKnownFileType = sourcecode.swift; path = AppDelegate.swift; sourceTree = "<group>"; };
		4C953CC923A3BB0600F5B618 /* SceneDelegate.swift */ = {isa = PBXFileReference; lastKnownFileType = sourcecode.swift; path = SceneDelegate.swift; sourceTree = "<group>"; };
		4C953CCE23A3BB0600F5B618 /* Base */ = {isa = PBXFileReference; lastKnownFileType = file.storyboard; name = Base; path = Base.lproj/Main.storyboard; sourceTree = "<group>"; };
		4C953CD123A3BB0600F5B618 /* FitnessApp.xcdatamodel */ = {isa = PBXFileReference; lastKnownFileType = wrapper.xcdatamodel; path = FitnessApp.xcdatamodel; sourceTree = "<group>"; };
		4C953CD323A3BB0800F5B618 /* Assets.xcassets */ = {isa = PBXFileReference; lastKnownFileType = folder.assetcatalog; path = Assets.xcassets; sourceTree = "<group>"; };
		4C953CD623A3BB0800F5B618 /* Base */ = {isa = PBXFileReference; lastKnownFileType = file.storyboard; name = Base; path = Base.lproj/LaunchScreen.storyboard; sourceTree = "<group>"; };
		4C953CD823A3BB0800F5B618 /* Info.plist */ = {isa = PBXFileReference; lastKnownFileType = text.plist.xml; path = Info.plist; sourceTree = "<group>"; };
		4C953CDD23A3BB0800F5B618 /* FitnessAppTests.xctest */ = {isa = PBXFileReference; explicitFileType = wrapper.cfbundle; includeInIndex = 0; path = FitnessAppTests.xctest; sourceTree = BUILT_PRODUCTS_DIR; };
		4C953CE123A3BB0800F5B618 /* FitnessAppTests.swift */ = {isa = PBXFileReference; lastKnownFileType = sourcecode.swift; path = FitnessAppTests.swift; sourceTree = "<group>"; };
		4C953CE323A3BB0800F5B618 /* Info.plist */ = {isa = PBXFileReference; lastKnownFileType = text.plist.xml; path = Info.plist; sourceTree = "<group>"; };
		4C953CE823A3BB0800F5B618 /* FitnessAppUITests.xctest */ = {isa = PBXFileReference; explicitFileType = wrapper.cfbundle; includeInIndex = 0; path = FitnessAppUITests.xctest; sourceTree = BUILT_PRODUCTS_DIR; };
		4C953CEC23A3BB0800F5B618 /* FitnessAppUITests.swift */ = {isa = PBXFileReference; lastKnownFileType = sourcecode.swift; path = FitnessAppUITests.swift; sourceTree = "<group>"; };
		4C953CEE23A3BB0800F5B618 /* Info.plist */ = {isa = PBXFileReference; lastKnownFileType = text.plist.xml; path = Info.plist; sourceTree = "<group>"; };
		4CA83C5823CEEFFA00E53AA3 /* WorkoutRoutineTableViewCell.swift */ = {isa = PBXFileReference; lastKnownFileType = sourcecode.swift; path = WorkoutRoutineTableViewCell.swift; sourceTree = "<group>"; };
		4CA83C5A23CF136000E53AA3 /* Constants.swift */ = {isa = PBXFileReference; lastKnownFileType = sourcecode.swift; path = Constants.swift; sourceTree = "<group>"; };
		4CC1F83423C71DB6002AB729 /* CreateWorkoutViewController.swift */ = {isa = PBXFileReference; lastKnownFileType = sourcecode.swift; path = CreateWorkoutViewController.swift; sourceTree = "<group>"; };
		4CD3491D23C9A067005E0B69 /* YourWorkoutsViewController.swift */ = {isa = PBXFileReference; lastKnownFileType = sourcecode.swift; path = YourWorkoutsViewController.swift; sourceTree = "<group>"; };
		4CE6DD5523CF462500AF7206 /* CustomWorkoutExercisesTableViewCell.swift */ = {isa = PBXFileReference; lastKnownFileType = sourcecode.swift; path = CustomWorkoutExercisesTableViewCell.swift; sourceTree = "<group>"; };
		4CE6DD5923CF4ADD00AF7206 /* CustomWorkoutPreviewViewController.swift */ = {isa = PBXFileReference; lastKnownFileType = sourcecode.swift; name = CustomWorkoutPreviewViewController.swift; path = "/Users/mitkopenkov/Desktop/iOS Projects/FitnessApp/FitnessApp/View/Controller/CustomWorkoutPreviewViewController.swift"; sourceTree = "<absolute>"; };
		4EFAE2FB4A5A8A0A83B6C9A7 /* Pods-FitnessApp-FitnessAppUITests.release.xcconfig */ = {isa = PBXFileReference; includeInIndex = 1; lastKnownFileType = text.xcconfig; name = "Pods-FitnessApp-FitnessAppUITests.release.xcconfig"; path = "Target Support Files/Pods-FitnessApp-FitnessAppUITests/Pods-FitnessApp-FitnessAppUITests.release.xcconfig"; sourceTree = "<group>"; };
		65DFFE63F18AC590E2F7E124 /* Pods-FitnessApp.debug.xcconfig */ = {isa = PBXFileReference; includeInIndex = 1; lastKnownFileType = text.xcconfig; name = "Pods-FitnessApp.debug.xcconfig"; path = "Target Support Files/Pods-FitnessApp/Pods-FitnessApp.debug.xcconfig"; sourceTree = "<group>"; };
		663AA3AA24C6E90B082919FB /* Pods_FitnessApp_FitnessAppUITests.framework */ = {isa = PBXFileReference; explicitFileType = wrapper.framework; includeInIndex = 0; path = Pods_FitnessApp_FitnessAppUITests.framework; sourceTree = BUILT_PRODUCTS_DIR; };
		74DC574C0F19C3B0D99AD165 /* Pods_FitnessAppTests.framework */ = {isa = PBXFileReference; explicitFileType = wrapper.framework; includeInIndex = 0; path = Pods_FitnessAppTests.framework; sourceTree = BUILT_PRODUCTS_DIR; };
		A37084EFD590C5C942A97C0E /* Pods-FitnessAppTests.debug.xcconfig */ = {isa = PBXFileReference; includeInIndex = 1; lastKnownFileType = text.xcconfig; name = "Pods-FitnessAppTests.debug.xcconfig"; path = "Target Support Files/Pods-FitnessAppTests/Pods-FitnessAppTests.debug.xcconfig"; sourceTree = "<group>"; };
		C1179209AE56A41F7BB74A49 /* Pods_FitnessApp.framework */ = {isa = PBXFileReference; explicitFileType = wrapper.framework; includeInIndex = 0; path = Pods_FitnessApp.framework; sourceTree = BUILT_PRODUCTS_DIR; };
		D0D4BC973BB5E8EF9625C2F0 /* Pods-FitnessAppTests.release.xcconfig */ = {isa = PBXFileReference; includeInIndex = 1; lastKnownFileType = text.xcconfig; name = "Pods-FitnessAppTests.release.xcconfig"; path = "Target Support Files/Pods-FitnessAppTests/Pods-FitnessAppTests.release.xcconfig"; sourceTree = "<group>"; };
		FE403BFF36FCB1AAFBA80404 /* Pods-FitnessApp.release.xcconfig */ = {isa = PBXFileReference; includeInIndex = 1; lastKnownFileType = text.xcconfig; name = "Pods-FitnessApp.release.xcconfig"; path = "Target Support Files/Pods-FitnessApp/Pods-FitnessApp.release.xcconfig"; sourceTree = "<group>"; };
/* End PBXFileReference section */

/* Begin PBXFrameworksBuildPhase section */
		4C953CC123A3BB0600F5B618 /* Frameworks */ = {
			isa = PBXFrameworksBuildPhase;
			buildActionMask = 2147483647;
			files = (
				266320D618C84C6B424A02F5 /* Pods_FitnessApp.framework in Frameworks */,
			);
			runOnlyForDeploymentPostprocessing = 0;
		};
		4C953CDA23A3BB0800F5B618 /* Frameworks */ = {
			isa = PBXFrameworksBuildPhase;
			buildActionMask = 2147483647;
			files = (
				3A32E6C756D5692588F9AE2D /* Pods_FitnessAppTests.framework in Frameworks */,
			);
			runOnlyForDeploymentPostprocessing = 0;
		};
		4C953CE523A3BB0800F5B618 /* Frameworks */ = {
			isa = PBXFrameworksBuildPhase;
			buildActionMask = 2147483647;
			files = (
				4863506BD238B53C97E15B58 /* Pods_FitnessApp_FitnessAppUITests.framework in Frameworks */,
			);
			runOnlyForDeploymentPostprocessing = 0;
		};
/* End PBXFrameworksBuildPhase section */

/* Begin PBXGroup section */
		4C79BBAA23A3E42400885375 /* Model */ = {
			isa = PBXGroup;
			children = (
				4C65F60423AE489700782D66 /* WorkoutModel.swift */,
			);
			path = Model;
			sourceTree = "<group>";
		};
		4C79BBAB23A3E42900885375 /* Controller */ = {
			isa = PBXGroup;
			children = (
				4C79BBA823A3E41D00885375 /* LoginViewController.swift */,
				4C79BBAD23A3E45300885375 /* RegisterViewController.swift */,
				4C79BBAF23A3EB4400885375 /* FirstSetupPageViewController.swift */,
				4C79BBB523A3F10900885375 /* IntroductionViewController.swift */,
				4C79BBB723A3F11900885375 /* UserDetailsViewController.swift */,
				4C65F5FE23AB998100782D66 /* CalendarViewController .swift */,
				4C56472123D18A1F00222B36 /* CreateExerciseTableViewController.swift */,
				4C79EFB223CCE0B10038003D /* CalendarExerciseTableViewCell.swift */,
				4CD3491D23C9A067005E0B69 /* YourWorkoutsViewController.swift */,
				4CC1F83423C71DB6002AB729 /* CreateWorkoutViewController.swift */,
				4CE6DD5523CF462500AF7206 /* CustomWorkoutExercisesTableViewCell.swift */,
				4CE6DD5923CF4ADD00AF7206 /* CustomWorkoutPreviewViewController.swift */,
				4CA83C5823CEEFFA00E53AA3 /* WorkoutRoutineTableViewCell.swift */,
				4C00EDAF23DAD66B0075A3B2 /* ProfileTableViewController.swift */,
				4C00EDB323DB18150075A3B2 /* ChooseWorkoutViewController.swift */,
			);
			path = Controller;
			sourceTree = "<group>";
		};
		4C79BBAC23A3E43400885375 /* View */ = {
			isa = PBXGroup;
			children = (
				4C953CCD23A3BB0600F5B618 /* Main.storyboard */,
				4C79BBAB23A3E42900885375 /* Controller */,
			);
			path = View;
			sourceTree = "<group>";
		};
		4C953CBB23A3BB0600F5B618 = {
			isa = PBXGroup;
			children = (
				4C953CC623A3BB0600F5B618 /* FitnessApp */,
				4C953CE023A3BB0800F5B618 /* FitnessAppTests */,
				4C953CEB23A3BB0800F5B618 /* FitnessAppUITests */,
				4C953CC523A3BB0600F5B618 /* Products */,
				F0A5CD82CEBF41B9D8CAF311 /* Pods */,
				7E6DE67A6B39F0ABED60CAAD /* Frameworks */,
			);
			sourceTree = "<group>";
		};
		4C953CC523A3BB0600F5B618 /* Products */ = {
			isa = PBXGroup;
			children = (
				4C953CC423A3BB0600F5B618 /* FitnessApp.app */,
				4C953CDD23A3BB0800F5B618 /* FitnessAppTests.xctest */,
				4C953CE823A3BB0800F5B618 /* FitnessAppUITests.xctest */,
			);
			name = Products;
			sourceTree = "<group>";
		};
		4C953CC623A3BB0600F5B618 /* FitnessApp */ = {
			isa = PBXGroup;
			children = (
				4CA83C5C23CF136800E53AA3 /* Helpers */,
				4C79BBAC23A3E43400885375 /* View */,
				4C79BBAA23A3E42400885375 /* Model */,
				4C953CC723A3BB0600F5B618 /* AppDelegate.swift */,
				4C953CC923A3BB0600F5B618 /* SceneDelegate.swift */,
				4C953CD323A3BB0800F5B618 /* Assets.xcassets */,
				4C953CD523A3BB0800F5B618 /* LaunchScreen.storyboard */,
				4C953CD823A3BB0800F5B618 /* Info.plist */,
				4C953CD023A3BB0600F5B618 /* FitnessApp.xcdatamodeld */,
				4C79BBB123A3EC2600885375 /* GoogleService-Info.plist */,
			);
			path = FitnessApp;
			sourceTree = "<group>";
		};
		4C953CE023A3BB0800F5B618 /* FitnessAppTests */ = {
			isa = PBXGroup;
			children = (
				4C953CE123A3BB0800F5B618 /* FitnessAppTests.swift */,
				4C953CE323A3BB0800F5B618 /* Info.plist */,
			);
			path = FitnessAppTests;
			sourceTree = "<group>";
		};
		4C953CEB23A3BB0800F5B618 /* FitnessAppUITests */ = {
			isa = PBXGroup;
			children = (
				4C953CEC23A3BB0800F5B618 /* FitnessAppUITests.swift */,
				4C953CEE23A3BB0800F5B618 /* Info.plist */,
			);
			path = FitnessAppUITests;
			sourceTree = "<group>";
		};
		4CA83C5C23CF136800E53AA3 /* Helpers */ = {
			isa = PBXGroup;
			children = (
				4CA83C5A23CF136000E53AA3 /* Constants.swift */,
				4C00EDAD23DAD6690075A3B2 /* ProfileTableViewController.swift */,
			);
			path = Helpers;
			sourceTree = "<group>";
		};
		7E6DE67A6B39F0ABED60CAAD /* Frameworks */ = {
			isa = PBXGroup;
			children = (
				C1179209AE56A41F7BB74A49 /* Pods_FitnessApp.framework */,
				663AA3AA24C6E90B082919FB /* Pods_FitnessApp_FitnessAppUITests.framework */,
				74DC574C0F19C3B0D99AD165 /* Pods_FitnessAppTests.framework */,
			);
			name = Frameworks;
			sourceTree = "<group>";
		};
		F0A5CD82CEBF41B9D8CAF311 /* Pods */ = {
			isa = PBXGroup;
			children = (
				65DFFE63F18AC590E2F7E124 /* Pods-FitnessApp.debug.xcconfig */,
				FE403BFF36FCB1AAFBA80404 /* Pods-FitnessApp.release.xcconfig */,
				130DFF75CB6E51B030D13BCB /* Pods-FitnessApp-FitnessAppUITests.debug.xcconfig */,
				4EFAE2FB4A5A8A0A83B6C9A7 /* Pods-FitnessApp-FitnessAppUITests.release.xcconfig */,
				A37084EFD590C5C942A97C0E /* Pods-FitnessAppTests.debug.xcconfig */,
				D0D4BC973BB5E8EF9625C2F0 /* Pods-FitnessAppTests.release.xcconfig */,
			);
			path = Pods;
			sourceTree = "<group>";
		};
/* End PBXGroup section */

/* Begin PBXNativeTarget section */
		4C953CC323A3BB0600F5B618 /* FitnessApp */ = {
			isa = PBXNativeTarget;
			buildConfigurationList = 4C953CF123A3BB0800F5B618 /* Build configuration list for PBXNativeTarget "FitnessApp" */;
			buildPhases = (
				2A615EDCCD1801DFAC2383B5 /* [CP] Check Pods Manifest.lock */,
				4C953CC023A3BB0600F5B618 /* Sources */,
				4C953CC123A3BB0600F5B618 /* Frameworks */,
				4C953CC223A3BB0600F5B618 /* Resources */,
				4FAD8E13E7AB8CB255935265 /* [CP] Embed Pods Frameworks */,
			);
			buildRules = (
			);
			dependencies = (
			);
			name = FitnessApp;
			productName = FitnessApp;
			productReference = 4C953CC423A3BB0600F5B618 /* FitnessApp.app */;
			productType = "com.apple.product-type.application";
		};
		4C953CDC23A3BB0800F5B618 /* FitnessAppTests */ = {
			isa = PBXNativeTarget;
			buildConfigurationList = 4C953CF423A3BB0800F5B618 /* Build configuration list for PBXNativeTarget "FitnessAppTests" */;
			buildPhases = (
				7154C6A2B36D9C4C6942CA58 /* [CP] Check Pods Manifest.lock */,
				4C953CD923A3BB0800F5B618 /* Sources */,
				4C953CDA23A3BB0800F5B618 /* Frameworks */,
				4C953CDB23A3BB0800F5B618 /* Resources */,
			);
			buildRules = (
			);
			dependencies = (
				4C953CDF23A3BB0800F5B618 /* PBXTargetDependency */,
			);
			name = FitnessAppTests;
			productName = FitnessAppTests;
			productReference = 4C953CDD23A3BB0800F5B618 /* FitnessAppTests.xctest */;
			productType = "com.apple.product-type.bundle.unit-test";
		};
		4C953CE723A3BB0800F5B618 /* FitnessAppUITests */ = {
			isa = PBXNativeTarget;
			buildConfigurationList = 4C953CF723A3BB0800F5B618 /* Build configuration list for PBXNativeTarget "FitnessAppUITests" */;
			buildPhases = (
				B912F69B8D56E3A43080F569 /* [CP] Check Pods Manifest.lock */,
				4C953CE423A3BB0800F5B618 /* Sources */,
				4C953CE523A3BB0800F5B618 /* Frameworks */,
				4C953CE623A3BB0800F5B618 /* Resources */,
				FF6065F6A282EDE842775B8B /* [CP] Embed Pods Frameworks */,
			);
			buildRules = (
			);
			dependencies = (
				4C953CEA23A3BB0800F5B618 /* PBXTargetDependency */,
			);
			name = FitnessAppUITests;
			productName = FitnessAppUITests;
			productReference = 4C953CE823A3BB0800F5B618 /* FitnessAppUITests.xctest */;
			productType = "com.apple.product-type.bundle.ui-testing";
		};
/* End PBXNativeTarget section */

/* Begin PBXProject section */
		4C953CBC23A3BB0600F5B618 /* Project object */ = {
			isa = PBXProject;
			attributes = {
				LastSwiftUpdateCheck = 1120;
				LastUpgradeCheck = 1120;
				ORGANIZATIONNAME = Mitko;
				TargetAttributes = {
					4C953CC323A3BB0600F5B618 = {
						CreatedOnToolsVersion = 11.2;
					};
					4C953CDC23A3BB0800F5B618 = {
						CreatedOnToolsVersion = 11.2;
						TestTargetID = 4C953CC323A3BB0600F5B618;
					};
					4C953CE723A3BB0800F5B618 = {
						CreatedOnToolsVersion = 11.2;
						TestTargetID = 4C953CC323A3BB0600F5B618;
					};
				};
			};
			buildConfigurationList = 4C953CBF23A3BB0600F5B618 /* Build configuration list for PBXProject "FitnessApp" */;
			compatibilityVersion = "Xcode 9.3";
			developmentRegion = en;
			hasScannedForEncodings = 0;
			knownRegions = (
				en,
				Base,
			);
			mainGroup = 4C953CBB23A3BB0600F5B618;
			productRefGroup = 4C953CC523A3BB0600F5B618 /* Products */;
			projectDirPath = "";
			projectRoot = "";
			targets = (
				4C953CC323A3BB0600F5B618 /* FitnessApp */,
				4C953CDC23A3BB0800F5B618 /* FitnessAppTests */,
				4C953CE723A3BB0800F5B618 /* FitnessAppUITests */,
			);
		};
/* End PBXProject section */

/* Begin PBXResourcesBuildPhase section */
		4C953CC223A3BB0600F5B618 /* Resources */ = {
			isa = PBXResourcesBuildPhase;
			buildActionMask = 2147483647;
			files = (
				4C953CD723A3BB0800F5B618 /* LaunchScreen.storyboard in Resources */,
				4C79BBB223A3EC2700885375 /* GoogleService-Info.plist in Resources */,
				4C953CD423A3BB0800F5B618 /* Assets.xcassets in Resources */,
				4C953CCF23A3BB0600F5B618 /* Main.storyboard in Resources */,
			);
			runOnlyForDeploymentPostprocessing = 0;
		};
		4C953CDB23A3BB0800F5B618 /* Resources */ = {
			isa = PBXResourcesBuildPhase;
			buildActionMask = 2147483647;
			files = (
			);
			runOnlyForDeploymentPostprocessing = 0;
		};
		4C953CE623A3BB0800F5B618 /* Resources */ = {
			isa = PBXResourcesBuildPhase;
			buildActionMask = 2147483647;
			files = (
			);
			runOnlyForDeploymentPostprocessing = 0;
		};
/* End PBXResourcesBuildPhase section */

/* Begin PBXShellScriptBuildPhase section */
		2A615EDCCD1801DFAC2383B5 /* [CP] Check Pods Manifest.lock */ = {
			isa = PBXShellScriptBuildPhase;
			buildActionMask = 2147483647;
			files = (
			);
			inputFileListPaths = (
			);
			inputPaths = (
				"${PODS_PODFILE_DIR_PATH}/Podfile.lock",
				"${PODS_ROOT}/Manifest.lock",
			);
			name = "[CP] Check Pods Manifest.lock";
			outputFileListPaths = (
			);
			outputPaths = (
				"$(DERIVED_FILE_DIR)/Pods-FitnessApp-checkManifestLockResult.txt",
			);
			runOnlyForDeploymentPostprocessing = 0;
			shellPath = /bin/sh;
			shellScript = "diff \"${PODS_PODFILE_DIR_PATH}/Podfile.lock\" \"${PODS_ROOT}/Manifest.lock\" > /dev/null\nif [ $? != 0 ] ; then\n    # print error to STDERR\n    echo \"error: The sandbox is not in sync with the Podfile.lock. Run 'pod install' or update your CocoaPods installation.\" >&2\n    exit 1\nfi\n# This output is used by Xcode 'outputs' to avoid re-running this script phase.\necho \"SUCCESS\" > \"${SCRIPT_OUTPUT_FILE_0}\"\n";
			showEnvVarsInLog = 0;
		};
		4FAD8E13E7AB8CB255935265 /* [CP] Embed Pods Frameworks */ = {
			isa = PBXShellScriptBuildPhase;
			buildActionMask = 2147483647;
			files = (
			);
			inputFileListPaths = (
				"${PODS_ROOT}/Target Support Files/Pods-FitnessApp/Pods-FitnessApp-frameworks-${CONFIGURATION}-input-files.xcfilelist",
			);
			name = "[CP] Embed Pods Frameworks";
			outputFileListPaths = (
				"${PODS_ROOT}/Target Support Files/Pods-FitnessApp/Pods-FitnessApp-frameworks-${CONFIGURATION}-output-files.xcfilelist",
			);
			runOnlyForDeploymentPostprocessing = 0;
			shellPath = /bin/sh;
			shellScript = "\"${PODS_ROOT}/Target Support Files/Pods-FitnessApp/Pods-FitnessApp-frameworks.sh\"\n";
			showEnvVarsInLog = 0;
		};
		7154C6A2B36D9C4C6942CA58 /* [CP] Check Pods Manifest.lock */ = {
			isa = PBXShellScriptBuildPhase;
			buildActionMask = 2147483647;
			files = (
			);
			inputFileListPaths = (
			);
			inputPaths = (
				"${PODS_PODFILE_DIR_PATH}/Podfile.lock",
				"${PODS_ROOT}/Manifest.lock",
			);
			name = "[CP] Check Pods Manifest.lock";
			outputFileListPaths = (
			);
			outputPaths = (
				"$(DERIVED_FILE_DIR)/Pods-FitnessAppTests-checkManifestLockResult.txt",
			);
			runOnlyForDeploymentPostprocessing = 0;
			shellPath = /bin/sh;
			shellScript = "diff \"${PODS_PODFILE_DIR_PATH}/Podfile.lock\" \"${PODS_ROOT}/Manifest.lock\" > /dev/null\nif [ $? != 0 ] ; then\n    # print error to STDERR\n    echo \"error: The sandbox is not in sync with the Podfile.lock. Run 'pod install' or update your CocoaPods installation.\" >&2\n    exit 1\nfi\n# This output is used by Xcode 'outputs' to avoid re-running this script phase.\necho \"SUCCESS\" > \"${SCRIPT_OUTPUT_FILE_0}\"\n";
			showEnvVarsInLog = 0;
		};
		B912F69B8D56E3A43080F569 /* [CP] Check Pods Manifest.lock */ = {
			isa = PBXShellScriptBuildPhase;
			buildActionMask = 2147483647;
			files = (
			);
			inputFileListPaths = (
			);
			inputPaths = (
				"${PODS_PODFILE_DIR_PATH}/Podfile.lock",
				"${PODS_ROOT}/Manifest.lock",
			);
			name = "[CP] Check Pods Manifest.lock";
			outputFileListPaths = (
			);
			outputPaths = (
				"$(DERIVED_FILE_DIR)/Pods-FitnessApp-FitnessAppUITests-checkManifestLockResult.txt",
			);
			runOnlyForDeploymentPostprocessing = 0;
			shellPath = /bin/sh;
			shellScript = "diff \"${PODS_PODFILE_DIR_PATH}/Podfile.lock\" \"${PODS_ROOT}/Manifest.lock\" > /dev/null\nif [ $? != 0 ] ; then\n    # print error to STDERR\n    echo \"error: The sandbox is not in sync with the Podfile.lock. Run 'pod install' or update your CocoaPods installation.\" >&2\n    exit 1\nfi\n# This output is used by Xcode 'outputs' to avoid re-running this script phase.\necho \"SUCCESS\" > \"${SCRIPT_OUTPUT_FILE_0}\"\n";
			showEnvVarsInLog = 0;
		};
		FF6065F6A282EDE842775B8B /* [CP] Embed Pods Frameworks */ = {
			isa = PBXShellScriptBuildPhase;
			buildActionMask = 2147483647;
			files = (
			);
			inputFileListPaths = (
				"${PODS_ROOT}/Target Support Files/Pods-FitnessApp-FitnessAppUITests/Pods-FitnessApp-FitnessAppUITests-frameworks-${CONFIGURATION}-input-files.xcfilelist",
			);
			name = "[CP] Embed Pods Frameworks";
			outputFileListPaths = (
				"${PODS_ROOT}/Target Support Files/Pods-FitnessApp-FitnessAppUITests/Pods-FitnessApp-FitnessAppUITests-frameworks-${CONFIGURATION}-output-files.xcfilelist",
			);
			runOnlyForDeploymentPostprocessing = 0;
			shellPath = /bin/sh;
			shellScript = "\"${PODS_ROOT}/Target Support Files/Pods-FitnessApp-FitnessAppUITests/Pods-FitnessApp-FitnessAppUITests-frameworks.sh\"\n";
			showEnvVarsInLog = 0;
		};
/* End PBXShellScriptBuildPhase section */

/* Begin PBXSourcesBuildPhase section */
		4C953CC023A3BB0600F5B618 /* Sources */ = {
			isa = PBXSourcesBuildPhase;
			buildActionMask = 2147483647;
			files = (
				4CA83C5923CEEFFA00E53AA3 /* WorkoutRoutineTableViewCell.swift in Sources */,
				4CA83C5B23CF136000E53AA3 /* Constants.swift in Sources */,
				4CE6DD5A23CF4ADD00AF7206 /* CustomWorkoutPreviewViewController.swift in Sources */,
				4C65F5FF23AB998100782D66 /* CalendarViewController .swift in Sources */,
				4CE6DD5623CF462500AF7206 /* CustomWorkoutExercisesTableViewCell.swift in Sources */,
				4C56472223D18A1F00222B36 /* CreateExerciseTableViewController.swift in Sources */,
				4C00EDB023DAD66C0075A3B2 /* ProfileTableViewController.swift in Sources */,
				4C00EDB423DB18150075A3B2 /* ChooseWorkoutViewController.swift in Sources */,
				4C79BBB623A3F10900885375 /* IntroductionViewController.swift in Sources */,
				4C79BBB023A3EB4400885375 /* FirstSetupPageViewController.swift in Sources */,
				4CD3491E23C9A067005E0B69 /* YourWorkoutsViewController.swift in Sources */,
				4C79EFB323CCE0B10038003D /* CalendarExerciseTableViewCell.swift in Sources */,
				4C00EDAE23DAD6690075A3B2 /* ProfileTableViewController.swift in Sources */,
				4C79BBA923A3E41D00885375 /* LoginViewController.swift in Sources */,
				4C79BBAE23A3E45300885375 /* RegisterViewController.swift in Sources */,
				4C65F60523AE489700782D66 /* WorkoutModel.swift in Sources */,
				4C953CD223A3BB0600F5B618 /* FitnessApp.xcdatamodeld in Sources */,
				4C953CC823A3BB0600F5B618 /* AppDelegate.swift in Sources */,
				4C953CCA23A3BB0600F5B618 /* SceneDelegate.swift in Sources */,
				4CC1F83523C71DB6002AB729 /* CreateWorkoutViewController.swift in Sources */,
				4C79BBB823A3F11900885375 /* UserDetailsViewController.swift in Sources */,
			);
			runOnlyForDeploymentPostprocessing = 0;
		};
		4C953CD923A3BB0800F5B618 /* Sources */ = {
			isa = PBXSourcesBuildPhase;
			buildActionMask = 2147483647;
			files = (
				4C953CE223A3BB0800F5B618 /* FitnessAppTests.swift in Sources */,
			);
			runOnlyForDeploymentPostprocessing = 0;
		};
		4C953CE423A3BB0800F5B618 /* Sources */ = {
			isa = PBXSourcesBuildPhase;
			buildActionMask = 2147483647;
			files = (
				4C953CED23A3BB0800F5B618 /* FitnessAppUITests.swift in Sources */,
			);
			runOnlyForDeploymentPostprocessing = 0;
		};
/* End PBXSourcesBuildPhase section */

/* Begin PBXTargetDependency section */
		4C953CDF23A3BB0800F5B618 /* PBXTargetDependency */ = {
			isa = PBXTargetDependency;
			target = 4C953CC323A3BB0600F5B618 /* FitnessApp */;
			targetProxy = 4C953CDE23A3BB0800F5B618 /* PBXContainerItemProxy */;
		};
		4C953CEA23A3BB0800F5B618 /* PBXTargetDependency */ = {
			isa = PBXTargetDependency;
			target = 4C953CC323A3BB0600F5B618 /* FitnessApp */;
			targetProxy = 4C953CE923A3BB0800F5B618 /* PBXContainerItemProxy */;
		};
/* End PBXTargetDependency section */

/* Begin PBXVariantGroup section */
		4C953CCD23A3BB0600F5B618 /* Main.storyboard */ = {
			isa = PBXVariantGroup;
			children = (
				4C953CCE23A3BB0600F5B618 /* Base */,
			);
			name = Main.storyboard;
			sourceTree = "<group>";
		};
		4C953CD523A3BB0800F5B618 /* LaunchScreen.storyboard */ = {
			isa = PBXVariantGroup;
			children = (
				4C953CD623A3BB0800F5B618 /* Base */,
			);
			name = LaunchScreen.storyboard;
			sourceTree = "<group>";
		};
/* End PBXVariantGroup section */

/* Begin XCBuildConfiguration section */
		4C953CEF23A3BB0800F5B618 /* Debug */ = {
			isa = XCBuildConfiguration;
			buildSettings = {
				ALWAYS_SEARCH_USER_PATHS = NO;
				CLANG_ANALYZER_NONNULL = YES;
				CLANG_ANALYZER_NUMBER_OBJECT_CONVERSION = YES_AGGRESSIVE;
				CLANG_CXX_LANGUAGE_STANDARD = "gnu++14";
				CLANG_CXX_LIBRARY = "libc++";
				CLANG_ENABLE_MODULES = YES;
				CLANG_ENABLE_OBJC_ARC = YES;
				CLANG_ENABLE_OBJC_WEAK = YES;
				CLANG_WARN_BLOCK_CAPTURE_AUTORELEASING = YES;
				CLANG_WARN_BOOL_CONVERSION = YES;
				CLANG_WARN_COMMA = YES;
				CLANG_WARN_CONSTANT_CONVERSION = YES;
				CLANG_WARN_DEPRECATED_OBJC_IMPLEMENTATIONS = YES;
				CLANG_WARN_DIRECT_OBJC_ISA_USAGE = YES_ERROR;
				CLANG_WARN_DOCUMENTATION_COMMENTS = YES;
				CLANG_WARN_EMPTY_BODY = YES;
				CLANG_WARN_ENUM_CONVERSION = YES;
				CLANG_WARN_INFINITE_RECURSION = YES;
				CLANG_WARN_INT_CONVERSION = YES;
				CLANG_WARN_NON_LITERAL_NULL_CONVERSION = YES;
				CLANG_WARN_OBJC_IMPLICIT_RETAIN_SELF = YES;
				CLANG_WARN_OBJC_LITERAL_CONVERSION = YES;
				CLANG_WARN_OBJC_ROOT_CLASS = YES_ERROR;
				CLANG_WARN_RANGE_LOOP_ANALYSIS = YES;
				CLANG_WARN_STRICT_PROTOTYPES = YES;
				CLANG_WARN_SUSPICIOUS_MOVE = YES;
				CLANG_WARN_UNGUARDED_AVAILABILITY = YES_AGGRESSIVE;
				CLANG_WARN_UNREACHABLE_CODE = YES;
				CLANG_WARN__DUPLICATE_METHOD_MATCH = YES;
				COPY_PHASE_STRIP = NO;
				DEBUG_INFORMATION_FORMAT = dwarf;
				ENABLE_STRICT_OBJC_MSGSEND = YES;
				ENABLE_TESTABILITY = YES;
				GCC_C_LANGUAGE_STANDARD = gnu11;
				GCC_DYNAMIC_NO_PIC = NO;
				GCC_NO_COMMON_BLOCKS = YES;
				GCC_OPTIMIZATION_LEVEL = 0;
				GCC_PREPROCESSOR_DEFINITIONS = (
					"DEBUG=1",
					"$(inherited)",
				);
				GCC_WARN_64_TO_32_BIT_CONVERSION = YES;
				GCC_WARN_ABOUT_RETURN_TYPE = YES_ERROR;
				GCC_WARN_UNDECLARED_SELECTOR = YES;
				GCC_WARN_UNINITIALIZED_AUTOS = YES_AGGRESSIVE;
				GCC_WARN_UNUSED_FUNCTION = YES;
				GCC_WARN_UNUSED_VARIABLE = YES;
				IPHONEOS_DEPLOYMENT_TARGET = 13.2;
				MTL_ENABLE_DEBUG_INFO = INCLUDE_SOURCE;
				MTL_FAST_MATH = YES;
				ONLY_ACTIVE_ARCH = YES;
				SDKROOT = iphoneos;
				SWIFT_ACTIVE_COMPILATION_CONDITIONS = DEBUG;
				SWIFT_OPTIMIZATION_LEVEL = "-Onone";
			};
			name = Debug;
		};
		4C953CF023A3BB0800F5B618 /* Release */ = {
			isa = XCBuildConfiguration;
			buildSettings = {
				ALWAYS_SEARCH_USER_PATHS = NO;
				CLANG_ANALYZER_NONNULL = YES;
				CLANG_ANALYZER_NUMBER_OBJECT_CONVERSION = YES_AGGRESSIVE;
				CLANG_CXX_LANGUAGE_STANDARD = "gnu++14";
				CLANG_CXX_LIBRARY = "libc++";
				CLANG_ENABLE_MODULES = YES;
				CLANG_ENABLE_OBJC_ARC = YES;
				CLANG_ENABLE_OBJC_WEAK = YES;
				CLANG_WARN_BLOCK_CAPTURE_AUTORELEASING = YES;
				CLANG_WARN_BOOL_CONVERSION = YES;
				CLANG_WARN_COMMA = YES;
				CLANG_WARN_CONSTANT_CONVERSION = YES;
				CLANG_WARN_DEPRECATED_OBJC_IMPLEMENTATIONS = YES;
				CLANG_WARN_DIRECT_OBJC_ISA_USAGE = YES_ERROR;
				CLANG_WARN_DOCUMENTATION_COMMENTS = YES;
				CLANG_WARN_EMPTY_BODY = YES;
				CLANG_WARN_ENUM_CONVERSION = YES;
				CLANG_WARN_INFINITE_RECURSION = YES;
				CLANG_WARN_INT_CONVERSION = YES;
				CLANG_WARN_NON_LITERAL_NULL_CONVERSION = YES;
				CLANG_WARN_OBJC_IMPLICIT_RETAIN_SELF = YES;
				CLANG_WARN_OBJC_LITERAL_CONVERSION = YES;
				CLANG_WARN_OBJC_ROOT_CLASS = YES_ERROR;
				CLANG_WARN_RANGE_LOOP_ANALYSIS = YES;
				CLANG_WARN_STRICT_PROTOTYPES = YES;
				CLANG_WARN_SUSPICIOUS_MOVE = YES;
				CLANG_WARN_UNGUARDED_AVAILABILITY = YES_AGGRESSIVE;
				CLANG_WARN_UNREACHABLE_CODE = YES;
				CLANG_WARN__DUPLICATE_METHOD_MATCH = YES;
				COPY_PHASE_STRIP = NO;
				DEBUG_INFORMATION_FORMAT = "dwarf-with-dsym";
				ENABLE_NS_ASSERTIONS = NO;
				ENABLE_STRICT_OBJC_MSGSEND = YES;
				GCC_C_LANGUAGE_STANDARD = gnu11;
				GCC_NO_COMMON_BLOCKS = YES;
				GCC_WARN_64_TO_32_BIT_CONVERSION = YES;
				GCC_WARN_ABOUT_RETURN_TYPE = YES_ERROR;
				GCC_WARN_UNDECLARED_SELECTOR = YES;
				GCC_WARN_UNINITIALIZED_AUTOS = YES_AGGRESSIVE;
				GCC_WARN_UNUSED_FUNCTION = YES;
				GCC_WARN_UNUSED_VARIABLE = YES;
				IPHONEOS_DEPLOYMENT_TARGET = 13.2;
				MTL_ENABLE_DEBUG_INFO = NO;
				MTL_FAST_MATH = YES;
				SDKROOT = iphoneos;
				SWIFT_COMPILATION_MODE = wholemodule;
				SWIFT_OPTIMIZATION_LEVEL = "-O";
				VALIDATE_PRODUCT = YES;
			};
			name = Release;
		};
		4C953CF223A3BB0800F5B618 /* Debug */ = {
			isa = XCBuildConfiguration;
			baseConfigurationReference = 65DFFE63F18AC590E2F7E124 /* Pods-FitnessApp.debug.xcconfig */;
			buildSettings = {
				ASSETCATALOG_COMPILER_APPICON_NAME = AppIcon;
				CODE_SIGN_STYLE = Automatic;
				DEVELOPMENT_TEAM = QUXDV9RZJ7;
				INFOPLIST_FILE = FitnessApp/Info.plist;
				LD_RUNPATH_SEARCH_PATHS = (
					"$(inherited)",
					"@executable_path/Frameworks",
				);
				PRODUCT_BUNDLE_IDENTIFIER = com.mitko.FitnessApp;
				PRODUCT_NAME = "$(TARGET_NAME)";
				SWIFT_VERSION = 5.0;
				TARGETED_DEVICE_FAMILY = "1,2";
			};
			name = Debug;
		};
		4C953CF323A3BB0800F5B618 /* Release */ = {
			isa = XCBuildConfiguration;
			baseConfigurationReference = FE403BFF36FCB1AAFBA80404 /* Pods-FitnessApp.release.xcconfig */;
			buildSettings = {
				ASSETCATALOG_COMPILER_APPICON_NAME = AppIcon;
				CODE_SIGN_STYLE = Automatic;
				DEVELOPMENT_TEAM = QUXDV9RZJ7;
				INFOPLIST_FILE = FitnessApp/Info.plist;
				LD_RUNPATH_SEARCH_PATHS = (
					"$(inherited)",
					"@executable_path/Frameworks",
				);
				PRODUCT_BUNDLE_IDENTIFIER = com.mitko.FitnessApp;
				PRODUCT_NAME = "$(TARGET_NAME)";
				SWIFT_VERSION = 5.0;
				TARGETED_DEVICE_FAMILY = "1,2";
			};
			name = Release;
		};
		4C953CF523A3BB0800F5B618 /* Debug */ = {
			isa = XCBuildConfiguration;
			baseConfigurationReference = A37084EFD590C5C942A97C0E /* Pods-FitnessAppTests.debug.xcconfig */;
			buildSettings = {
				ALWAYS_EMBED_SWIFT_STANDARD_LIBRARIES = YES;
				BUNDLE_LOADER = "$(TEST_HOST)";
				CODE_SIGN_STYLE = Automatic;
				DEVELOPMENT_TEAM = QUXDV9RZJ7;
				INFOPLIST_FILE = FitnessAppTests/Info.plist;
				IPHONEOS_DEPLOYMENT_TARGET = 13.2;
				LD_RUNPATH_SEARCH_PATHS = (
					"$(inherited)",
					"@executable_path/Frameworks",
					"@loader_path/Frameworks",
				);
				PRODUCT_BUNDLE_IDENTIFIER = com.mitko.FitnessAppTests;
				PRODUCT_NAME = "$(TARGET_NAME)";
				SWIFT_VERSION = 5.0;
				TARGETED_DEVICE_FAMILY = "1,2";
				TEST_HOST = "$(BUILT_PRODUCTS_DIR)/FitnessApp.app/FitnessApp";
			};
			name = Debug;
		};
		4C953CF623A3BB0800F5B618 /* Release */ = {
			isa = XCBuildConfiguration;
			baseConfigurationReference = D0D4BC973BB5E8EF9625C2F0 /* Pods-FitnessAppTests.release.xcconfig */;
			buildSettings = {
				ALWAYS_EMBED_SWIFT_STANDARD_LIBRARIES = YES;
				BUNDLE_LOADER = "$(TEST_HOST)";
				CODE_SIGN_STYLE = Automatic;
				DEVELOPMENT_TEAM = QUXDV9RZJ7;
				INFOPLIST_FILE = FitnessAppTests/Info.plist;
				IPHONEOS_DEPLOYMENT_TARGET = 13.2;
				LD_RUNPATH_SEARCH_PATHS = (
					"$(inherited)",
					"@executable_path/Frameworks",
					"@loader_path/Frameworks",
				);
				PRODUCT_BUNDLE_IDENTIFIER = com.mitko.FitnessAppTests;
				PRODUCT_NAME = "$(TARGET_NAME)";
				SWIFT_VERSION = 5.0;
				TARGETED_DEVICE_FAMILY = "1,2";
				TEST_HOST = "$(BUILT_PRODUCTS_DIR)/FitnessApp.app/FitnessApp";
			};
			name = Release;
		};
		4C953CF823A3BB0800F5B618 /* Debug */ = {
			isa = XCBuildConfiguration;
			baseConfigurationReference = 130DFF75CB6E51B030D13BCB /* Pods-FitnessApp-FitnessAppUITests.debug.xcconfig */;
			buildSettings = {
				ALWAYS_EMBED_SWIFT_STANDARD_LIBRARIES = YES;
				CODE_SIGN_STYLE = Automatic;
				DEVELOPMENT_TEAM = QUXDV9RZJ7;
				INFOPLIST_FILE = FitnessAppUITests/Info.plist;
				LD_RUNPATH_SEARCH_PATHS = (
					"$(inherited)",
					"@executable_path/Frameworks",
					"@loader_path/Frameworks",
				);
				PRODUCT_BUNDLE_IDENTIFIER = com.mitko.FitnessAppUITests;
				PRODUCT_NAME = "$(TARGET_NAME)";
				SWIFT_VERSION = 5.0;
				TARGETED_DEVICE_FAMILY = "1,2";
				TEST_TARGET_NAME = FitnessApp;
			};
			name = Debug;
		};
		4C953CF923A3BB0800F5B618 /* Release */ = {
			isa = XCBuildConfiguration;
			baseConfigurationReference = 4EFAE2FB4A5A8A0A83B6C9A7 /* Pods-FitnessApp-FitnessAppUITests.release.xcconfig */;
			buildSettings = {
				ALWAYS_EMBED_SWIFT_STANDARD_LIBRARIES = YES;
				CODE_SIGN_STYLE = Automatic;
				DEVELOPMENT_TEAM = QUXDV9RZJ7;
				INFOPLIST_FILE = FitnessAppUITests/Info.plist;
				LD_RUNPATH_SEARCH_PATHS = (
					"$(inherited)",
					"@executable_path/Frameworks",
					"@loader_path/Frameworks",
				);
				PRODUCT_BUNDLE_IDENTIFIER = com.mitko.FitnessAppUITests;
				PRODUCT_NAME = "$(TARGET_NAME)";
				SWIFT_VERSION = 5.0;
				TARGETED_DEVICE_FAMILY = "1,2";
				TEST_TARGET_NAME = FitnessApp;
			};
			name = Release;
		};
/* End XCBuildConfiguration section */

/* Begin XCConfigurationList section */
		4C953CBF23A3BB0600F5B618 /* Build configuration list for PBXProject "FitnessApp" */ = {
			isa = XCConfigurationList;
			buildConfigurations = (
				4C953CEF23A3BB0800F5B618 /* Debug */,
				4C953CF023A3BB0800F5B618 /* Release */,
			);
			defaultConfigurationIsVisible = 0;
			defaultConfigurationName = Release;
		};
		4C953CF123A3BB0800F5B618 /* Build configuration list for PBXNativeTarget "FitnessApp" */ = {
			isa = XCConfigurationList;
			buildConfigurations = (
				4C953CF223A3BB0800F5B618 /* Debug */,
				4C953CF323A3BB0800F5B618 /* Release */,
			);
			defaultConfigurationIsVisible = 0;
			defaultConfigurationName = Release;
		};
		4C953CF423A3BB0800F5B618 /* Build configuration list for PBXNativeTarget "FitnessAppTests" */ = {
			isa = XCConfigurationList;
			buildConfigurations = (
				4C953CF523A3BB0800F5B618 /* Debug */,
				4C953CF623A3BB0800F5B618 /* Release */,
			);
			defaultConfigurationIsVisible = 0;
			defaultConfigurationName = Release;
		};
		4C953CF723A3BB0800F5B618 /* Build configuration list for PBXNativeTarget "FitnessAppUITests" */ = {
			isa = XCConfigurationList;
			buildConfigurations = (
				4C953CF823A3BB0800F5B618 /* Debug */,
				4C953CF923A3BB0800F5B618 /* Release */,
			);
			defaultConfigurationIsVisible = 0;
			defaultConfigurationName = Release;
		};
/* End XCConfigurationList section */

/* Begin XCVersionGroup section */
		4C953CD023A3BB0600F5B618 /* FitnessApp.xcdatamodeld */ = {
			isa = XCVersionGroup;
			children = (
				4C953CD123A3BB0600F5B618 /* FitnessApp.xcdatamodel */,
			);
			currentVersion = 4C953CD123A3BB0600F5B618 /* FitnessApp.xcdatamodel */;
			path = FitnessApp.xcdatamodeld;
			sourceTree = "<group>";
			versionGroupType = wrapper.xcdatamodel;
		};
/* End XCVersionGroup section */
	};
	rootObject = 4C953CBC23A3BB0600F5B618 /* Project object */;
}
